
Microsoft Visual Studio Solution File, Format Version 12.00
# Visual Studio Version 16
VisualStudioVersion = 16.0.30503.244
MinimumVisualStudioVersion = 10.0.40219.1
Project("{FAE04EC0-301F-11D3-BF4B-00C04F79EFBC}") = "TestConsoleApplication", "TestConsoleApplication\TestConsoleApplication.csproj", "{87700D1F-B871-4FE2-A45F-3AE1AB8FC73B}"
EndProject
Project("{FAE04EC0-301F-11D3-BF4B-00C04F79EFBC}") = "TestNUnit3", "TestNUnit3\TestNUnit3.csproj", "{1580E0CD-6DAA-4328-92F6-2E0B0F0AB7AF}"
EndProject
Project("{FAE04EC0-301F-11D3-BF4B-00C04F79EFBC}") = "TestNUnit2", "TestNUnit2\TestNUnit2.csproj", "{4F789118-2C18-4F6F-9F0A-81741E2262F9}"
EndProject
Project("{FAE04EC0-301F-11D3-BF4B-00C04F79EFBC}") = "TestConsoleLib", "TestConsoleLib\TestConsoleLib.csproj", "{F0387ABC-0DF5-4090-A146-B0780AC71400}"
EndProject
Project("{2150E333-8FDC-42A3-9474-1A3956D46DE8}") = "SolutionItems", "SolutionItems", "{FC123843-0670-4D7C-BE26-5F88E9F6CBDF}"
EndProject
Project("{2150E333-8FDC-42A3-9474-1A3956D46DE8}") = "nuget", "nuget", "{AA0FDF05-0816-4C1F-A8CE-B54E1A7C0CBD}"
EndProject
Project("{FAE04EC0-301F-11D3-BF4B-00C04F79EFBC}") = "TestPackageReference", "TestPackageReference\TestPackageReference.csproj", "{2C66DC77-D54A-48CF-AA1F-E24C38E62132}"
EndProject
Project("{FAE04EC0-301F-11D3-BF4B-00C04F79EFBC}") = "TestPackageReferenceGetsPriority", "TestPackageReferenceGetsPriority\TestPackageReferenceGetsPriority.csproj", "{36E16914-7E6B-4B9B-93AD-4399A540A2B7}"
EndProject
Global
	GlobalSection(SolutionConfigurationPlatforms) = preSolution
		Debug|Any CPU = Debug|Any CPU
		Release|Any CPU = Release|Any CPU
	EndGlobalSection
	GlobalSection(ProjectConfigurationPlatforms) = postSolution
		{87700D1F-B871-4FE2-A45F-3AE1AB8FC73B}.Debug|Any CPU.ActiveCfg = Debug|Any CPU
		{87700D1F-B871-4FE2-A45F-3AE1AB8FC73B}.Debug|Any CPU.Build.0 = Debug|Any CPU
		{87700D1F-B871-4FE2-A45F-3AE1AB8FC73B}.Release|Any CPU.ActiveCfg = Release|Any CPU
		{87700D1F-B871-4FE2-A45F-3AE1AB8FC73B}.Release|Any CPU.Build.0 = Release|Any CPU
		{1580E0CD-6DAA-4328-92F6-2E0B0F0AB7AF}.Debug|Any CPU.ActiveCfg = Debug|Any CPU
		{1580E0CD-6DAA-4328-92F6-2E0B0F0AB7AF}.Debug|Any CPU.Build.0 = Debug|Any CPU
		{1580E0CD-6DAA-4328-92F6-2E0B0F0AB7AF}.Release|Any CPU.ActiveCfg = Release|Any CPU
		{1580E0CD-6DAA-4328-92F6-2E0B0F0AB7AF}.Release|Any CPU.Build.0 = Release|Any CPU
		{4F789118-2C18-4F6F-9F0A-81741E2262F9}.Debug|Any CPU.ActiveCfg = Debug|Any CPU
		{4F789118-2C18-4F6F-9F0A-81741E2262F9}.Debug|Any CPU.Build.0 = Debug|Any CPU
		{4F789118-2C18-4F6F-9F0A-81741E2262F9}.Release|Any CPU.ActiveCfg = Release|Any CPU
		{4F789118-2C18-4F6F-9F0A-81741E2262F9}.Release|Any CPU.Build.0 = Release|Any CPU
		{F0387ABC-0DF5-4090-A146-B0780AC71400}.Debug|Any CPU.ActiveCfg = Debug|Any CPU
		{F0387ABC-0DF5-4090-A146-B0780AC71400}.Debug|Any CPU.Build.0 = Debug|Any CPU
		{F0387ABC-0DF5-4090-A146-B0780AC71400}.Release|Any CPU.ActiveCfg = Release|Any CPU
		{F0387ABC-0DF5-4090-A146-B0780AC71400}.Release|Any CPU.Build.0 = Release|Any CPU
		{2C66DC77-D54A-48CF-AA1F-E24C38E62132}.Debug|Any CPU.ActiveCfg = Debug|Any CPU
		{2C66DC77-D54A-48CF-AA1F-E24C38E62132}.Debug|Any CPU.Build.0 = Debug|Any CPU
		{2C66DC77-D54A-48CF-AA1F-E24C38E62132}.Release|Any CPU.ActiveCfg = Release|Any CPU
		{2C66DC77-D54A-48CF-AA1F-E24C38E62132}.Release|Any CPU.Build.0 = Release|Any CPU
		{36E16914-7E6B-4B9B-93AD-4399A540A2B7}.Debug|Any CPU.ActiveCfg = Debug|Any CPU
		{36E16914-7E6B-4B9B-93AD-4399A540A2B7}.Debug|Any CPU.Build.0 = Debug|Any CPU
		{36E16914-7E6B-4B9B-93AD-4399A540A2B7}.Release|Any CPU.ActiveCfg = Release|Any CPU
		{36E16914-7E6B-4B9B-93AD-4399A540A2B7}.Release|Any CPU.Build.0 = Release|Any CPU
	EndGlobalSection
	GlobalSection(SolutionProperties) = preSolution
		HideSolutionNode = FALSE
	EndGlobalSection
	GlobalSection(ExtensibilityGlobals) = postSolution
		SolutionGuid = {03E1B078-35A2-46E0-8324-CEDF13D62045}
	EndGlobalSection
EndGlobal
